
Microsoft Visual Studio Solution File, Format Version 12.00
# Visual Studio Version 17
VisualStudioVersion = 17.5.33627.172
MinimumVisualStudioVersion = 10.0.40219.1
Project("{FAE04EC0-301F-11D3-BF4B-00C04F79EFBC}") = "ledger", "ledger\ledger.csproj", "{3F505C43-8EBD-4F10-8AD7-7FE6FF519CA5}"
EndProject
Global
	GlobalSection(SolutionConfigurationPlatforms) = preSolution
		Debug|Any CPU = Debug|Any CPU
		Release|Any CPU = Release|Any CPU
	EndGlobalSection
	GlobalSection(ProjectConfigurationPlatforms) = postSolution
		{3F505C43-8EBD-4F10-8AD7-7FE6FF519CA5}.Debug|Any CPU.ActiveCfg = Debug|Any CPU
		{3F505C43-8EBD-4F10-8AD7-7FE6FF519CA5}.Debug|Any CPU.Build.0 = Debug|Any CPU
		{3F505C43-8EBD-4F10-8AD7-7FE6FF519CA5}.Release|Any CPU.ActiveCfg = Release|Any CPU
		{3F505C43-8EBD-4F10-8AD7-7FE6FF519CA5}.Release|Any CPU.Build.0 = Release|Any CPU
	EndGlobalSection
	GlobalSection(SolutionProperties) = preSolution
		HideSolutionNode = FALSE
	EndGlobalSection
	GlobalSection(ExtensibilityGlobals) = postSolution
		SolutionGuid = {674B67C9-34DF-4E59-A644-F6216A2EA80B}
	EndGlobalSection
EndGlobal
